{
	"name": "@financial-times/o-autocomplete",
	"version": "2.3.0",
	"lockfileVersion": 3,
	"requires": true,
	"packages": {
		"": {
			"name": "@financial-times/o-autocomplete",
			"version": "2.3.0",
			"license": "MIT",
			"dependencies": {
				"accessible-autocomplete": "github:andygout/accessible-autocomplete#v1.2.0"
			},
			"engines": {
				"npm": ">7"
			}
		},
		"node_modules/accessible-autocomplete": {
			"version": "3.0.1",
			"resolved": "git+ssh://git@github.com/andygout/accessible-autocomplete.git#4d651bd8bde9426416615741a6e6e938d1b8e737",
			"license": "MIT",
			"peerDependencies": {
				"preact": "^8.0.0"
			},
			"peerDependenciesMeta": {
				"preact": {
					"optional": true
				}
			}
		}
	}
}
