{
	"name": "@financial-times/o-autocomplete",
	"version": "2.3.0",
	"lockfileVersion": 3,
	"requires": true,
	"packages": {
		"": {
			"name": "@financial-times/o-autocomplete",
			"version": "2.3.0",
			"license": "MIT",
			"dependencies": {
				"@financial-times/accessible-autocomplete": "github:andygout/accessible-autocomplete#v1.2.0"
			},
			"devDependencies": {
				"@financial-times/o-forms": "^10.0.0",
				"@financial-times/o-normalise": "^3.3.2",
				"@financial-times/o-utils": "^2.1.0"
			},
			"engines": {
				"npm": ">7"
			},
			"peerDependencies": {
				"@financial-times/math": "^1.0.0",
				"@financial-times/o-brand": "^4.1.0",
				"@financial-times/o-loading": "^6.0.0",
				"@financial-times/o-private-foundation": "^1.0.0"
			}
		},
		"node_modules/@financial-times/accessible-autocomplete": {
			"name": "accessible-autocomplete",
			"version": "3.0.1",
			"resolved": "git+ssh://git@github.com/andygout/accessible-autocomplete.git#4d651bd8bde9426416615741a6e6e938d1b8e737",
			"license": "MIT",
			"peerDependencies": {
				"preact": "^8.0.0"
			},
			"peerDependenciesMeta": {
				"preact": {
					"optional": true
				}
			}
		},
		"node_modules/@financial-times/math": {
			"version": "1.1.1",
			"resolved": "https://registry.npmjs.org/@financial-times/math/-/math-1.1.1.tgz",
			"integrity": "sha512-Qe4mnPuZZMTNKbYUIDi2sZg6SYBb4nyZ+B9K50cawyXQdYU3iikbYpOnSUsMfhqo3ClgFZUW3oxSczhMUynOFw==",
			"license": "MIT",
			"peer": true,
			"engines": {
				"npm": ">7"
			},
			"peerDependencies": {
				"mathsass": "0.10.1"
			}
		},
		"node_modules/@financial-times/o-brand": {
			"version": "4.2.3",
			"resolved": "https://registry.npmjs.org/@financial-times/o-brand/-/o-brand-4.2.3.tgz",
			"integrity": "sha512-Qb4wp7z7nwb+rGew0VbZwqIzczUqN1DynWjy1HT9SpDM30lYZ3LboSEST1z9+1ccjaJ8bQcO/P3+MyssQWh9/A==",
			"license": "MIT",
			"peer": true,
			"engines": {
				"npm": ">7"
			}
		},
		"node_modules/@financial-times/o-colors": {
			"version": "6.7.0",
			"resolved": "https://registry.npmjs.org/@financial-times/o-colors/-/o-colors-6.7.0.tgz",
			"integrity": "sha512-cK4OpC1YF0Uy0Xn6BFB1wH3dsqKDTtnlr5DPFjlvYO7pJ5puWkW41TS13S+l3xxL7rIxs9ur+bGg43MI7/pn0A==",
			"dev": true,
			"license": "MIT",
			"peer": true,
			"engines": {
				"npm": ">7"
			},
			"peerDependencies": {
				"@financial-times/math": "^1.0.0",
				"@financial-times/o-brand": "^4.0.1"
			}
		},
		"node_modules/@financial-times/o-forms": {
			"version": "10.0.4",
			"resolved": "https://registry.npmjs.org/@financial-times/o-forms/-/o-forms-10.0.4.tgz",
			"integrity": "sha512-6vN/wS03BNaUqUUP4YdwQHlG+TkvZskhUdh0ZQgUUx1Hwz8wIU+fnuWBrN290+1fwakh6nihzauB+93SdL45vw==",
			"dev": true,
			"license": "MIT",
			"dependencies": {
				"@types/lodash.uniqueid": "^4.0.7",
				"lodash.uniqueid": "^4.0.1"
			},
			"engines": {
				"npm": ">7"
			},
			"peerDependencies": {
				"@financial-times/math": "^1.0.0",
				"@financial-times/o-brand": "^4.1.0",
				"@financial-times/o-grid": "^6.1.8",
				"@financial-times/o-loading": "^6.0.0",
				"@financial-times/o-private-foundation": "^1.0.0",
				"@financial-times/o-utils": "^2.2.0"
			}
		},
		"node_modules/@financial-times/o-grid": {
			"version": "6.1.8",
			"resolved": "https://registry.npmjs.org/@financial-times/o-grid/-/o-grid-6.1.8.tgz",
			"integrity": "sha512-3ZWR2o/MAitFltus+VFrho58WvAchzvKPbM6ja+nghdXT/ZecNv6tW4A2WwvZWCR0FLLosPx8WPZbSYf3jyeOQ==",
			"dev": true,
			"license": "MIT",
			"peer": true,
			"engines": {
				"npm": ">7"
			},
			"peerDependencies": {
				"@financial-times/math": "^1.0.0",
				"@financial-times/sass-mq": "^5.0.2"
			}
		},
		"node_modules/@financial-times/o-loading": {
			"version": "6.0.0",
			"resolved": "https://registry.npmjs.org/@financial-times/o-loading/-/o-loading-6.0.0.tgz",
			"integrity": "sha512-79TI+Ubayef6VRh6BELLBPvFy4+dNQWNDCax3J4wyDFWwb2WgN2M9IB7aLh1EE6Wz3qbPzBXSRQX8q8jfIxzAQ==",
			"license": "MIT",
			"peer": true,
			"engines": {
				"npm": ">7"
			},
			"peerDependencies": {
				"@financial-times/o-brand": "^4.1.0",
				"@financial-times/o-private-foundation": "^1.0.0",
				"@financial-times/sass-mq": "^5.0.2"
			}
		},
		"node_modules/@financial-times/o-normalise": {
			"version": "3.3.2",
			"resolved": "https://registry.npmjs.org/@financial-times/o-normalise/-/o-normalise-3.3.2.tgz",
			"integrity": "sha512-k7/kw2zVAI6lVfQqI9Md/PIroZHhCZvXWHZoiP5Zih+JHqevjqIMDA35g8utaxVcwBKtZ5g6OmKDd3GDi+AU4w==",
			"dev": true,
			"license": "MIT",
			"engines": {
				"npm": ">7"
			},
			"peerDependencies": {
				"@financial-times/o-colors": "^6.0.1",
				"@financial-times/sass-mq": "^5.0.2"
			}
		},
		"node_modules/@financial-times/o-private-foundation": {
			"version": "1.9.1",
			"resolved": "https://registry.npmjs.org/@financial-times/o-private-foundation/-/o-private-foundation-1.9.1.tgz",
			"integrity": "sha512-vnGdxtir+xr7u458WzR3DKQ2VyRv1vKsRPl+Ao+FbFXB/ZkU7OaJubE/FV+TA7/LduvGhfVNZfFBqf1wLxcykw==",
			"license": "MIT",
			"peer": true,
			"engines": {
				"npm": ">7"
			},
			"peerDependencies": {
				"@financial-times/o-brand": "^4.2.3"
			}
		},
		"node_modules/@financial-times/o-utils": {
			"version": "2.2.1",
			"resolved": "https://registry.npmjs.org/@financial-times/o-utils/-/o-utils-2.2.1.tgz",
			"integrity": "sha512-bNhpUo9EJ9w2twj/0JtV/XQ3Pis/j0ALeZNuY0bXDqI7RpWjqjYh161M0meAYNx1cYrutF4WDw4LMX7yhWafag==",
			"dev": true,
			"license": "MIT",
			"engines": {
				"npm": ">7"
			}
		},
		"node_modules/@financial-times/sass-mq": {
			"version": "5.2.4",
			"resolved": "https://registry.npmjs.org/@financial-times/sass-mq/-/sass-mq-5.2.4.tgz",
			"integrity": "sha512-RVJhkSRQeBzk8Gzq8oA2ThzsrboRZ9ar5STd23zQWJNHkSIr9ZhUDHjd3XqX5LTD2O64cynVDU+ESqIBWMO4jQ==",
			"license": "MIT",
			"peer": true,
			"engines": {
				"npm": ">7"
			},
			"peerDependencies": {
				"@financial-times/math": "^1.0.0"
			}
		},
		"node_modules/@types/lodash": {
			"version": "4.17.24",
			"resolved": "https://registry.npmjs.org/@types/lodash/-/lodash-4.17.24.tgz",
			"integrity": "sha512-gIW7lQLZbue7lRSWEFql49QJJWThrTFFeIMJdp3eH4tKoxm1OvEPg02rm4wCCSHS0cL3/Fizimb35b7k8atwsQ==",
			"dev": true,
			"license": "MIT"
		},
		"node_modules/@types/lodash.uniqueid": {
			"version": "4.0.9",
			"resolved": "https://registry.npmjs.org/@types/lodash.uniqueid/-/lodash.uniqueid-4.0.9.tgz",
			"integrity": "sha512-SEzkJBS8t+tqAUnSmyqbuWqxKU+Z/Xu2cgPtD+Ik0l+M7L2q7So9VoN2rQ8H0mmL87lJ00ykxal8oB54QRet6g==",
			"dev": true,
			"license": "MIT",
			"dependencies": {
				"@types/lodash": "*"
			}
		},
		"node_modules/lodash.uniqueid": {
			"version": "4.0.1",
			"resolved": "https://registry.npmjs.org/lodash.uniqueid/-/lodash.uniqueid-4.0.1.tgz",
			"integrity": "sha512-GQQWaIeGlL6DIIr06kj1j6sSmBxyNMwI8kaX9aKpHR/XsMTiaXDVPNPAkiboOTK9OJpTJF/dXT3xYoFQnj386Q==",
			"dev": true,
			"license": "MIT"
		},
		"node_modules/mathsass": {
			"version": "0.10.1",
			"resolved": "https://registry.npmjs.org/mathsass/-/mathsass-0.10.1.tgz",
			"integrity": "sha512-DtHQ3Hm9toMJM5NzZEaHmRibIpy+zIcoF3/GJ/vo2FacRmSeGUeDI9lOdNRcl2JzQYBWrAL+KuC2egowVzSBHQ==",
			"peer": true,
			"engines": {
				"node": ">=0.8.0",
				"npm": ">=1.2.10"
			}
		}
	}
}
